// !$*UTF8*$!
{
	archiveVersion = 1;
	classes = {
	};
	objectVersion = 48;
	objects = {

/* Begin PBXBuildFile section */
		524CCC6820DD63A100C794EA /* AppDelegate.m in Sources */ = {isa = PBXBuildFile; fileRef = 524CCC6720DD63A100C794EA /* AppDelegate.m */; };
		524CCC6E20DD63A100C794EA /* Main.storyboard in Resources */ = {isa = PBXBuildFile; fileRef = 524CCC6C20DD63A100C794EA /* Main.storyboard */; };
		524CCC7020DD63A100C794EA /* Assets.xcassets in Resources */ = {isa = PBXBuildFile; fileRef = 524CCC6F20DD63A100C794EA /* Assets.xcassets */; };
		524CCC7320DD63A100C794EA /* LaunchScreen.storyboard in Resources */ = {isa = PBXBuildFile; fileRef = 524CCC7120DD63A100C794EA /* LaunchScreen.storyboard */; };
		524CCC7620DD63A100C794EA /* main.m in Sources */ = {isa = PBXBuildFile; fileRef = 524CCC7520DD63A100C794EA /* main.m */; };
		524CCC7E20DD645800C794EA /* CollectionViewController.m in Sources */ = {isa = PBXBuildFile; fileRef = 524CCC7D20DD645800C794EA /* CollectionViewController.m */; };
		524CCC8120DD676200C794EA /* CollectionViewCell.m in Sources */ = {isa = PBXBuildFile; fileRef = 524CCC8020DD676200C794EA /* CollectionViewCell.m */; };
/* End PBXBuildFile section */

/* Begin PBXFileReference section */
		524CCC6320DD63A100C794EA /* ColectionViewDemo.app */ = {isa = PBXFileReference; explicitFileType = wrapper.application; includeInIndex = 0; path = ColectionViewDemo.app; sourceTree = BUILT_PRODUCTS_DIR; };
		524CCC6620DD63A100C794EA /* AppDelegate.h */ = {isa = PBXFileReference; lastKnownFileType = sourcecode.c.h; path = AppDelegate.h; sourceTree = "<group>"; };
		524CCC6720DD63A100C794EA /* AppDelegate.m */ = {isa = PBXFileReference; lastKnownFileType = sourcecode.c.objc; path = AppDelegate.m; sourceTree = "<group>"; };
		524CCC6D20DD63A100C794EA /* Base */ = {isa = PBXFileReference; lastKnownFileType = file.storyboard; name = Base; path = Base.lproj/Main.storyboard; sourceTree = "<group>"; };
		524CCC6F20DD63A100C794EA /* Assets.xcassets */ = {isa = PBXFileReference; lastKnownFileType = folder.assetcatalog; path = Assets.xcassets; sourceTree = "<group>"; };
		524CCC7220DD63A100C794EA /* Base */ = {isa = PBXFileReference; lastKnownFileType = file.storyboard; name = Base; path = Base.lproj/LaunchScreen.storyboard; sourceTree = "<group>"; };
		524CCC7420DD63A100C794EA /* Info.plist */ = {isa = PBXFileReference; lastKnownFileType = text.plist.xml; path = Info.plist; sourceTree = "<group>"; };
		524CCC7520DD63A100C794EA /* main.m */ = {isa = PBXFileReference; lastKnownFileType = sourcecode.c.objc; path = main.m; sourceTree = "<group>"; };
		524CCC7C20DD645800C794EA /* CollectionViewController.h */ = {isa = PBXFileReference; lastKnownFileType = sourcecode.c.h; path = CollectionViewController.h; sourceTree = "<group>"; };
		524CCC7D20DD645800C794EA /* CollectionViewController.m */ = {isa = PBXFileReference; lastKnownFileType = sourcecode.c.objc; path = CollectionViewController.m; sourceTree = "<group>"; };
		524CCC7F20DD676200C794EA /* CollectionViewCell.h */ = {isa = PBXFileReference; lastKnownFileType = sourcecode.c.h; path = CollectionViewCell.h; sourceTree = "<group>"; };
		524CCC8020DD676200C794EA /* CollectionViewCell.m */ = {isa = PBXFileReference; lastKnownFileType = sourcecode.c.objc; path = CollectionViewCell.m; sourceTree = "<group>"; };
/* End PBXFileReference section */

/* Begin PBXFrameworksBuildPhase section */
		524CCC6020DD63A100C794EA /* Frameworks */ = {
			isa = PBXFrameworksBuildPhase;
			buildActionMask = 2147483647;
			files = (
			);
			runOnlyForDeploymentPostprocessing = 0;
		};
/* End PBXFrameworksBuildPhase section */

/* Begin PBXGroup section */
		524CCC5A20DD63A100C794EA = {
			isa = PBXGroup;
			children = (
				524CCC6520DD63A100C794EA /* ColectionViewDemo */,
				524CCC6420DD63A100C794EA /* Products */,
			);
			sourceTree = "<group>";
		};
		524CCC6420DD63A100C794EA /* Products */ = {
			isa = PBXGroup;
			children = (
				524CCC6320DD63A100C794EA /* ColectionViewDemo.app */,
			);
			name = Products;
			sourceTree = "<group>";
		};
		524CCC6520DD63A100C794EA /* ColectionViewDemo */ = {
			isa = PBXGroup;
			children = (
				524CCC6620DD63A100C794EA /* AppDelegate.h */,
				524CCC6720DD63A100C794EA /* AppDelegate.m */,
				524CCC6C20DD63A100C794EA /* Main.storyboard */,
				524CCC7F20DD676200C794EA /* CollectionViewCell.h */,
				524CCC8020DD676200C794EA /* CollectionViewCell.m */,
				524CCC7C20DD645800C794EA /* CollectionViewController.h */,
				524CCC7D20DD645800C794EA /* CollectionViewController.m */,
				524CCC6F20DD63A100C794EA /* Assets.xcassets */,
				524CCC7120DD63A100C794EA /* LaunchScreen.storyboard */,
				524CCC7420DD63A100C794EA /* Info.plist */,
				524CCC7520DD63A100C794EA /* main.m */,
			);
			path = ColectionViewDemo;
			sourceTree = "<group>";
		};
/* End PBXGroup section */

/* Begin PBXNativeTarget section */
		524CCC6220DD63A100C794EA /* ColectionViewDemo */ = {
			isa = PBXNativeTarget;
			buildConfigurationList = 524CCC7920DD63A100C794EA /* Build configuration list for PBXNativeTarget "ColectionViewDemo" */;
			buildPhases = (
				524CCC5F20DD63A100C794EA /* Sources */,
				524CCC6020DD63A100C794EA /* Frameworks */,
				524CCC6120DD63A100C794EA /* Resources */,
			);
			buildRules = (
			);
			dependencies = (
			);
			name = ColectionViewDemo;
			productName = ColectionViewDemo;
			productReference = 524CCC6320DD63A100C794EA /* ColectionViewDemo.app */;
			productType = "com.apple.product-type.application";
		};
/* End PBXNativeTarget section */

/* Begin PBXProject section */
		524CCC5B20DD63A100C794EA /* Project object */ = {
			isa = PBXProject;
			attributes = {
				LastUpgradeCheck = 0920;
				ORGANIZATIONNAME = "Macbook Pro";
				TargetAttributes = {
					524CCC6220DD63A100C794EA = {
						CreatedOnToolsVersion = 9.2;
						ProvisioningStyle = Automatic;
					};
				};
			};
			buildConfigurationList = 524CCC5E20DD63A100C794EA /* Build configuration list for PBXProject "ColectionViewDemo" */;
			compatibilityVersion = "Xcode 8.0";
			developmentRegion = en;
			hasScannedForEncodings = 0;
			knownRegions = (
				en,
				Base,
			);
			mainGroup = 524CCC5A20DD63A100C794EA;
			productRefGroup = 524CCC6420DD63A100C794EA /* Products */;
			projectDirPath = "";
			projectRoot = "";
			targets = (
				524CCC6220DD63A100C794EA /* ColectionViewDemo */,
			);
		};
/* End PBXProject section */

/* Begin PBXResourcesBuildPhase section */
		524CCC6120DD63A100C794EA /* Resources */ = {
			isa = PBXResourcesBuildPhase;
			buildActionMask = 2147483647;
			files = (
				524CCC7320DD63A100C794EA /* LaunchScreen.storyboard in Resources */,
				524CCC7020DD63A100C794EA /* Assets.xcassets in Resources */,
				524CCC6E20DD63A100C794EA /* Main.storyboard in Resources */,
			);
			runOnlyForDeploymentPostprocessing = 0;
		};
/* End PBXResourcesBuildPhase section */

/* Begin PBXSourcesBuildPhase section */
		524CCC5F20DD63A100C794EA /* Sources */ = {
			isa = PBXSourcesBuildPhase;
			buildActionMask = 2147483647;
			files = (
				524CCC7620DD63A100C794EA /* main.m in Sources */,
				524CCC6820DD63A100C794EA /* AppDelegate.m in Sources */,
				524CCC8120DD676200C794EA /* CollectionViewCell.m in Sources */,
				524CCC7E20DD645800C794EA /* CollectionViewController.m in Sources */,
			);
			runOnlyForDeploymentPostprocessing = 0;
		};
/* End PBXSourcesBuildPhase section */

/* Begin PBXVariantGroup section */
		524CCC6C20DD63A100C794EA /* Main.storyboard */ = {
			isa = PBXVariantGroup;
			children = (
				524CCC6D20DD63A100C794EA /* Base */,
			);
			name = Main.storyboard;
			sourceTree = "<group>";
		};
		524CCC7120DD63A100C794EA /* LaunchScreen.storyboard */ = {
			isa = PBXVariantGroup;
			children = (
				524CCC7220DD63A100C794EA /* Base */,
			);
			name = LaunchScreen.storyboard;
			sourceTree = "<group>";
		};
/* End PBXVariantGroup section */

/* Begin XCBuildConfiguration section */
		524CCC7720DD63A100C794EA /* Debug */ = {
			isa = XCBuildConfiguration;
			buildSettings = {
				ALWAYS_SEARCH_USER_PATHS = NO;
				CLANG_ANALYZER_NONNULL = YES;
				CLANG_ANALYZER_NUMBER_OBJECT_CONVERSION = YES_AGGRESSIVE;
				CLANG_CXX_LANGUAGE_STANDARD = "gnu++14";
				CLANG_CXX_LIBRARY = "libc++";
				CLANG_ENABLE_MODULES = YES;
				CLANG_ENABLE_OBJC_ARC = YES;
				CLANG_WARN_BLOCK_CAPTURE_AUTORELEASING = YES;
				CLANG_WARN_BOOL_CONVERSION = YES;
				CLANG_WARN_COMMA = YES;
				CLANG_WARN_CONSTANT_CONVERSION = YES;
				CLANG_WARN_DIRECT_OBJC_ISA_USAGE = YES_ERROR;
				CLANG_WARN_DOCUMENTATION_COMMENTS = YES;
				CLANG_WARN_EMPTY_BODY = YES;
				CLANG_WARN_ENUM_CONVERSION = YES;
				CLANG_WARN_INFINITE_RECURSION = YES;
				CLANG_WARN_INT_CONVERSION = YES;
				CLANG_WARN_NON_LITERAL_NULL_CONVERSION = YES;
				CLANG_WARN_OBJC_LITERAL_CONVERSION = YES;
				CLANG_WARN_OBJC_ROOT_CLASS = YES_ERROR;
				CLANG_WARN_RANGE_LOOP_ANALYSIS = YES;
				CLANG_WARN_STRICT_PROTOTYPES = YES;
				CLANG_WARN_SUSPICIOUS_MOVE = YES;
				CLANG_WARN_UNGUARDED_AVAILABILITY = YES_AGGRESSIVE;
				CLANG_WARN_UNREACHABLE_CODE = YES;
				CLANG_WARN__DUPLICATE_METHOD_MATCH = YES;
				CODE_SIGN_IDENTITY = "iPhone Developer";
				COPY_PHASE_STRIP = NO;
				DEBUG_INFORMATION_FORMAT = dwarf;
				ENABLE_STRICT_OBJC_MSGSEND = YES;
				ENABLE_TESTABILITY = YES;
				GCC_C_LANGUAGE_STANDARD = gnu11;
				GCC_DYNAMIC_NO_PIC = NO;
				GCC_NO_COMMON_BLOCKS = YES;
				GCC_OPTIMIZATION_LEVEL = 0;
				GCC_PREPROCESSOR_DEFINITIONS = (
					"DEBUG=1",
					"$(inherited)",
				);
				GCC_WARN_64_TO_32_BIT_CONVERSION = YES;
				GCC_WARN_ABOUT_RETURN_TYPE = YES_ERROR;
				GCC_WARN_UNDECLARED_SELECTOR = YES;
				GCC_WARN_UNINITIALIZED_AUTOS = YES_AGGRESSIVE;
				GCC_WARN_UNUSED_FUNCTION = YES;
				GCC_WARN_UNUSED_VARIABLE = YES;
				IPHONEOS_DEPLOYMENT_TARGET = 11.2;
				MTL_ENABLE_DEBUG_INFO = YES;
				ONLY_ACTIVE_ARCH = YES;
				SDKROOT = iphoneos;
			};
			name = Debug;
		};
		524CCC7820DD63A100C794EA /* Release */ = {
			isa = XCBuildConfiguration;
			buildSettings = {
				ALWAYS_SEARCH_USER_PATHS = NO;
				CLANG_ANALYZER_NONNULL = YES;
				CLANG_ANALYZER_NUMBER_OBJECT_CONVERSION = YES_AGGRESSIVE;
				CLANG_CXX_LANGUAGE_STANDARD = "gnu++14";
				CLANG_CXX_LIBRARY = "libc++";
				CLANG_ENABLE_MODULES = YES;
				CLANG_ENABLE_OBJC_ARC = YES;
				CLANG_WARN_BLOCK_CAPTURE_AUTORELEASING = YES;
				CLANG_WARN_BOOL_CONVERSION = YES;
				CLANG_WARN_COMMA = YES;
				CLANG_WARN_CONSTANT_CONVERSION = YES;
				CLANG_WARN_DIRECT_OBJC_ISA_USAGE = YES_ERROR;
				CLANG_WARN_DOCUMENTATION_COMMENTS = YES;
				CLANG_WARN_EMPTY_BODY = YES;
				CLANG_WARN_ENUM_CONVERSION = YES;
				CLANG_WARN_INFINITE_RECURSION = YES;
				CLANG_WARN_INT_CONVERSION = YES;
				CLANG_WARN_NON_LITERAL_NULL_CONVERSION = YES;
				CLANG_WARN_OBJC_LITERAL_CONVERSION = YES;
				CLANG_WARN_OBJC_ROOT_CLASS = YES_ERROR;
				CLANG_WARN_RANGE_LOOP_ANALYSIS = YES;
				CLANG_WARN_STRICT_PROTOTYPES = YES;
				CLANG_WARN_SUSPICIOUS_MOVE = YES;
				CLANG_WARN_UNGUARDED_AVAILABILITY = YES_AGGRESSIVE;
				CLANG_WARN_UNREACHABLE_CODE = YES;
				CLANG_WARN__DUPLICATE_METHOD_MATCH = YES;
				CODE_SIGN_IDENTITY = "iPhone Developer";
				COPY_PHASE_STRIP = NO;
				DEBUG_INFORMATION_FORMAT = "dwarf-with-dsym";
				ENABLE_NS_ASSERTIONS = NO;
				ENABLE_STRICT_OBJC_MSGSEND = YES;
				GCC_C_LANGUAGE_STANDARD = gnu11;
				GCC_NO_COMMON_BLOCKS = YES;
				GCC_WARN_64_TO_32_BIT_CONVERSION = YES;
				GCC_WARN_ABOUT_RETURN_TYPE = YES_ERROR;
				GCC_WARN_UNDECLARED_SELECTOR = YES;
				GCC_WARN_UNINITIALIZED_AUTOS = YES_AGGRESSIVE;
				GCC_WARN_UNUSED_FUNCTION = YES;
				GCC_WARN_UNUSED_VARIABLE = YES;
				IPHONEOS_DEPLOYMENT_TARGET = 11.2;
				MTL_ENABLE_DEBUG_INFO = NO;
				SDKROOT = iphoneos;
				VALIDATE_PRODUCT = YES;
			};
			name = Release;
		};
		524CCC7A20DD63A100C794EA /* Debug */ = {
			isa = XCBuildConfiguration;
			buildSettings = {
				ASSETCATALOG_COMPILER_APPICON_NAME = AppIcon;
				CODE_SIGN_STYLE = Automatic;
				INFOPLIST_FILE = ColectionViewDemo/Info.plist;
				LD_RUNPATH_SEARCH_PATHS = "$(inherited) @executable_path/Frameworks";
				PRODUCT_BUNDLE_IDENTIFIER = com.example.ColectionViewDemo;
				PRODUCT_NAME = "$(TARGET_NAME)";
				TARGETED_DEVICE_FAMILY = "1,2";
			};
			name = Debug;
		};
		524CCC7B20DD63A100C794EA /* Release */ = {
			isa = XCBuildConfiguration;
			buildSettings = {
				ASSETCATALOG_COMPILER_APPICON_NAME = AppIcon;
				CODE_SIGN_STYLE = Automatic;
				INFOPLIST_FILE = ColectionViewDemo/Info.plist;
				LD_RUNPATH_SEARCH_PATHS = "$(inherited) @executable_path/Frameworks";
				PRODUCT_BUNDLE_IDENTIFIER = com.example.ColectionViewDemo;
				PRODUCT_NAME = "$(TARGET_NAME)";
				TARGETED_DEVICE_FAMILY = "1,2";
			};
			name = Release;
		};
/* End XCBuildConfiguration section */

/* Begin XCConfigurationList section */
		524CCC5E20DD63A100C794EA /* Build configuration list for PBXProject "ColectionViewDemo" */ = {
			isa = XCConfigurationList;
			buildConfigurations = (
				524CCC7720DD63A100C794EA /* Debug */,
				524CCC7820DD63A100C794EA /* Release */,
			);
			defaultConfigurationIsVisible = 0;
			defaultConfigurationName = Release;
		};
		524CCC7920DD63A100C794EA /* Build configuration list for PBXNativeTarget "ColectionViewDemo" */ = {
			isa = XCConfigurationList;
			buildConfigurations = (
				524CCC7A20DD63A100C794EA /* Debug */,
				524CCC7B20DD63A100C794EA /* Release */,
			);
			defaultConfigurationIsVisible = 0;
			defaultConfigurationName = Release;
		};
/* End XCConfigurationList section */
	};
	rootObject = 524CCC5B20DD63A100C794EA /* Project object */;
}
