PODS:
  - DynamicBlurView (2.0.2)
  - PopupDialog (0.8.0):
    - DynamicBlurView (~> 2.0)
  - RxCocoa (4.2.0):
    - RxSwift (~> 4.0)
  - RxSwift (4.2.0)

DEPENDENCIES:
  - PopupDialog (~> 0.8)
  - RxCocoa (~> 4.0)
  - RxSwift (~> 4.0)

SPEC REPOS:
  https://github.com/cocoapods/specs.git:
    - DynamicBlurView
    - PopupDialog
    - RxCocoa
    - RxSwift

SPEC CHECKSUMS:
  DynamicBlurView: aa6db4defc6e537eb86fc5e58dd3991666178399
  PopupDialog: 11347197b6ac3e0548ac445d40ce68d1d407e9a0
  RxCocoa: 0b54909c902e1e581212a03e690bbd94032d8baa
  RxSwift: 99e10317ddfcc7fbe01356aafd118fde4a0be104

PODFILE CHECKSUM: ab2ed7d9a3497d54dc14595cd0422b34c91c041e

COCOAPODS: 1.5.3
