// !$*UTF8*$!
{
	archiveVersion = 1;
	classes = {
	};
	objectVersion = 48;
	objects = {

/* Begin PBXBuildFile section */
		4F876AC59C54B4A33CA02474 /* Pods_DemoPopup.framework in Frameworks */ = {isa = PBXBuildFile; fileRef = 51576A86D2BB9111F6CF173C /* Pods_DemoPopup.framework */; };
		52DEDAB42138429E000BC893 /* AppDelegate.swift in Sources */ = {isa = PBXBuildFile; fileRef = 52DEDAB32138429E000BC893 /* AppDelegate.swift */; };
		52DEDAB62138429E000BC893 /* ViewController.swift in Sources */ = {isa = PBXBuildFile; fileRef = 52DEDAB52138429E000BC893 /* ViewController.swift */; };
		52DEDAB92138429E000BC893 /* Main.storyboard in Resources */ = {isa = PBXBuildFile; fileRef = 52DEDAB72138429E000BC893 /* Main.storyboard */; };
		52DEDABB2138429E000BC893 /* Assets.xcassets in Resources */ = {isa = PBXBuildFile; fileRef = 52DEDABA2138429E000BC893 /* Assets.xcassets */; };
		52DEDABE2138429E000BC893 /* LaunchScreen.storyboard in Resources */ = {isa = PBXBuildFile; fileRef = 52DEDABC2138429E000BC893 /* LaunchScreen.storyboard */; };
/* End PBXBuildFile section */

/* Begin PBXFileReference section */
		26406D35D407A86043FCC617 /* Pods-DemoPopup.release.xcconfig */ = {isa = PBXFileReference; includeInIndex = 1; lastKnownFileType = text.xcconfig; name = "Pods-DemoPopup.release.xcconfig"; path = "Pods/Target Support Files/Pods-DemoPopup/Pods-DemoPopup.release.xcconfig"; sourceTree = "<group>"; };
		51576A86D2BB9111F6CF173C /* Pods_DemoPopup.framework */ = {isa = PBXFileReference; explicitFileType = wrapper.framework; includeInIndex = 0; path = Pods_DemoPopup.framework; sourceTree = BUILT_PRODUCTS_DIR; };
		52DEDAB02138429E000BC893 /* DemoPopup.app */ = {isa = PBXFileReference; explicitFileType = wrapper.application; includeInIndex = 0; path = DemoPopup.app; sourceTree = BUILT_PRODUCTS_DIR; };
		52DEDAB32138429E000BC893 /* AppDelegate.swift */ = {isa = PBXFileReference; lastKnownFileType = sourcecode.swift; path = AppDelegate.swift; sourceTree = "<group>"; };
		52DEDAB52138429E000BC893 /* ViewController.swift */ = {isa = PBXFileReference; lastKnownFileType = sourcecode.swift; path = ViewController.swift; sourceTree = "<group>"; };
		52DEDAB82138429E000BC893 /* Base */ = {isa = PBXFileReference; lastKnownFileType = file.storyboard; name = Base; path = Base.lproj/Main.storyboard; sourceTree = "<group>"; };
		52DEDABA2138429E000BC893 /* Assets.xcassets */ = {isa = PBXFileReference; lastKnownFileType = folder.assetcatalog; path = Assets.xcassets; sourceTree = "<group>"; };
		52DEDABD2138429E000BC893 /* Base */ = {isa = PBXFileReference; lastKnownFileType = file.storyboard; name = Base; path = Base.lproj/LaunchScreen.storyboard; sourceTree = "<group>"; };
		52DEDABF2138429F000BC893 /* Info.plist */ = {isa = PBXFileReference; lastKnownFileType = text.plist.xml; path = Info.plist; sourceTree = "<group>"; };
		998ECD3B97759D53B794F34B /* Pods-DemoPopup.debug.xcconfig */ = {isa = PBXFileReference; includeInIndex = 1; lastKnownFileType = text.xcconfig; name = "Pods-DemoPopup.debug.xcconfig"; path = "Pods/Target Support Files/Pods-DemoPopup/Pods-DemoPopup.debug.xcconfig"; sourceTree = "<group>"; };
/* End PBXFileReference section */

/* Begin PBXFrameworksBuildPhase section */
		52DEDAAD2138429E000BC893 /* Frameworks */ = {
			isa = PBXFrameworksBuildPhase;
			buildActionMask = 2147483647;
			files = (
				4F876AC59C54B4A33CA02474 /* Pods_DemoPopup.framework in Frameworks */,
			);
			runOnlyForDeploymentPostprocessing = 0;
		};
/* End PBXFrameworksBuildPhase section */

/* Begin PBXGroup section */
		52DEDAA72138429E000BC893 = {
			isa = PBXGroup;
			children = (
				52DEDAB22138429E000BC893 /* DemoPopup */,
				52DEDAB12138429E000BC893 /* Products */,
				7AB66B7335BD792915B3BE65 /* Pods */,
				6138913314B7D12A0CC528FE /* Frameworks */,
			);
			sourceTree = "<group>";
		};
		52DEDAB12138429E000BC893 /* Products */ = {
			isa = PBXGroup;
			children = (
				52DEDAB02138429E000BC893 /* DemoPopup.app */,
			);
			name = Products;
			sourceTree = "<group>";
		};
		52DEDAB22138429E000BC893 /* DemoPopup */ = {
			isa = PBXGroup;
			children = (
				52DEDAB32138429E000BC893 /* AppDelegate.swift */,
				52DEDAB52138429E000BC893 /* ViewController.swift */,
				52DEDAB72138429E000BC893 /* Main.storyboard */,
				52DEDABA2138429E000BC893 /* Assets.xcassets */,
				52DEDABC2138429E000BC893 /* LaunchScreen.storyboard */,
				52DEDABF2138429F000BC893 /* Info.plist */,
			);
			path = DemoPopup;
			sourceTree = "<group>";
		};
		6138913314B7D12A0CC528FE /* Frameworks */ = {
			isa = PBXGroup;
			children = (
				51576A86D2BB9111F6CF173C /* Pods_DemoPopup.framework */,
			);
			name = Frameworks;
			sourceTree = "<group>";
		};
		7AB66B7335BD792915B3BE65 /* Pods */ = {
			isa = PBXGroup;
			children = (
				998ECD3B97759D53B794F34B /* Pods-DemoPopup.debug.xcconfig */,
				26406D35D407A86043FCC617 /* Pods-DemoPopup.release.xcconfig */,
			);
			name = Pods;
			sourceTree = "<group>";
		};
/* End PBXGroup section */

/* Begin PBXNativeTarget section */
		52DEDAAF2138429E000BC893 /* DemoPopup */ = {
			isa = PBXNativeTarget;
			buildConfigurationList = 52DEDAC22138429F000BC893 /* Build configuration list for PBXNativeTarget "DemoPopup" */;
			buildPhases = (
				13DB73517B85E3C3DCA8CCFB /* [CP] Check Pods Manifest.lock */,
				52DEDAAC2138429E000BC893 /* Sources */,
				52DEDAAD2138429E000BC893 /* Frameworks */,
				52DEDAAE2138429E000BC893 /* Resources */,
				2EC70AC9F27B333BA95B4FE2 /* [CP] Embed Pods Frameworks */,
			);
			buildRules = (
			);
			dependencies = (
			);
			name = DemoPopup;
			productName = DemoPopup;
			productReference = 52DEDAB02138429E000BC893 /* DemoPopup.app */;
			productType = "com.apple.product-type.application";
		};
/* End PBXNativeTarget section */

/* Begin PBXProject section */
		52DEDAA82138429E000BC893 /* Project object */ = {
			isa = PBXProject;
			attributes = {
				LastSwiftUpdateCheck = 0920;
				LastUpgradeCheck = 0920;
				ORGANIZATIONNAME = "Macbook Pro";
				TargetAttributes = {
					52DEDAAF2138429E000BC893 = {
						CreatedOnToolsVersion = 9.2;
						ProvisioningStyle = Automatic;
					};
				};
			};
			buildConfigurationList = 52DEDAAB2138429E000BC893 /* Build configuration list for PBXProject "DemoPopup" */;
			compatibilityVersion = "Xcode 8.0";
			developmentRegion = en;
			hasScannedForEncodings = 0;
			knownRegions = (
				en,
				Base,
			);
			mainGroup = 52DEDAA72138429E000BC893;
			productRefGroup = 52DEDAB12138429E000BC893 /* Products */;
			projectDirPath = "";
			projectRoot = "";
			targets = (
				52DEDAAF2138429E000BC893 /* DemoPopup */,
			);
		};
/* End PBXProject section */

/* Begin PBXResourcesBuildPhase section */
		52DEDAAE2138429E000BC893 /* Resources */ = {
			isa = PBXResourcesBuildPhase;
			buildActionMask = 2147483647;
			files = (
				52DEDABE2138429E000BC893 /* LaunchScreen.storyboard in Resources */,
				52DEDABB2138429E000BC893 /* Assets.xcassets in Resources */,
				52DEDAB92138429E000BC893 /* Main.storyboard in Resources */,
			);
			runOnlyForDeploymentPostprocessing = 0;
		};
/* End PBXResourcesBuildPhase section */

/* Begin PBXShellScriptBuildPhase section */
		13DB73517B85E3C3DCA8CCFB /* [CP] Check Pods Manifest.lock */ = {
			isa = PBXShellScriptBuildPhase;
			buildActionMask = 2147483647;
			files = (
			);
			inputPaths = (
				"${PODS_PODFILE_DIR_PATH}/Podfile.lock",
				"${PODS_ROOT}/Manifest.lock",
			);
			name = "[CP] Check Pods Manifest.lock";
			outputPaths = (
				"$(DERIVED_FILE_DIR)/Pods-DemoPopup-checkManifestLockResult.txt",
			);
			runOnlyForDeploymentPostprocessing = 0;
			shellPath = /bin/sh;
			shellScript = "diff \"${PODS_PODFILE_DIR_PATH}/Podfile.lock\" \"${PODS_ROOT}/Manifest.lock\" > /dev/null\nif [ $? != 0 ] ; then\n    # print error to STDERR\n    echo \"error: The sandbox is not in sync with the Podfile.lock. Run 'pod install' or update your CocoaPods installation.\" >&2\n    exit 1\nfi\n# This output is used by Xcode 'outputs' to avoid re-running this script phase.\necho \"SUCCESS\" > \"${SCRIPT_OUTPUT_FILE_0}\"\n";
			showEnvVarsInLog = 0;
		};
		2EC70AC9F27B333BA95B4FE2 /* [CP] Embed Pods Frameworks */ = {
			isa = PBXShellScriptBuildPhase;
			buildActionMask = 2147483647;
			files = (
			);
			inputPaths = (
				"${SRCROOT}/Pods/Target Support Files/Pods-DemoPopup/Pods-DemoPopup-frameworks.sh",
				"${BUILT_PRODUCTS_DIR}/DynamicBlurView/DynamicBlurView.framework",
				"${BUILT_PRODUCTS_DIR}/PopupDialog/PopupDialog.framework",
			);
			name = "[CP] Embed Pods Frameworks";
			outputPaths = (
				"${TARGET_BUILD_DIR}/${FRAMEWORKS_FOLDER_PATH}/DynamicBlurView.framework",
				"${TARGET_BUILD_DIR}/${FRAMEWORKS_FOLDER_PATH}/PopupDialog.framework",
			);
			runOnlyForDeploymentPostprocessing = 0;
			shellPath = /bin/sh;
			shellScript = "\"${SRCROOT}/Pods/Target Support Files/Pods-DemoPopup/Pods-DemoPopup-frameworks.sh\"\n";
			showEnvVarsInLog = 0;
		};
/* End PBXShellScriptBuildPhase section */

/* Begin PBXSourcesBuildPhase section */
		52DEDAAC2138429E000BC893 /* Sources */ = {
			isa = PBXSourcesBuildPhase;
			buildActionMask = 2147483647;
			files = (
				52DEDAB62138429E000BC893 /* ViewController.swift in Sources */,
				52DEDAB42138429E000BC893 /* AppDelegate.swift in Sources */,
			);
			runOnlyForDeploymentPostprocessing = 0;
		};
/* End PBXSourcesBuildPhase section */

/* Begin PBXVariantGroup section */
		52DEDAB72138429E000BC893 /* Main.storyboard */ = {
			isa = PBXVariantGroup;
			children = (
				52DEDAB82138429E000BC893 /* Base */,
			);
			name = Main.storyboard;
			sourceTree = "<group>";
		};
		52DEDABC2138429E000BC893 /* LaunchScreen.storyboard */ = {
			isa = PBXVariantGroup;
			children = (
				52DEDABD2138429E000BC893 /* Base */,
			);
			name = LaunchScreen.storyboard;
			sourceTree = "<group>";
		};
/* End PBXVariantGroup section */

/* Begin XCBuildConfiguration section */
		52DEDAC02138429F000BC893 /* Debug */ = {
			isa = XCBuildConfiguration;
			buildSettings = {
				ALWAYS_SEARCH_USER_PATHS = NO;
				CLANG_ANALYZER_NONNULL = YES;
				CLANG_ANALYZER_NUMBER_OBJECT_CONVERSION = YES_AGGRESSIVE;
				CLANG_CXX_LANGUAGE_STANDARD = "gnu++14";
				CLANG_CXX_LIBRARY = "libc++";
				CLANG_ENABLE_MODULES = YES;
				CLANG_ENABLE_OBJC_ARC = YES;
				CLANG_WARN_BLOCK_CAPTURE_AUTORELEASING = YES;
				CLANG_WARN_BOOL_CONVERSION = YES;
				CLANG_WARN_COMMA = YES;
				CLANG_WARN_CONSTANT_CONVERSION = YES;
				CLANG_WARN_DIRECT_OBJC_ISA_USAGE = YES_ERROR;
				CLANG_WARN_DOCUMENTATION_COMMENTS = YES;
				CLANG_WARN_EMPTY_BODY = YES;
				CLANG_WARN_ENUM_CONVERSION = YES;
				CLANG_WARN_INFINITE_RECURSION = YES;
				CLANG_WARN_INT_CONVERSION = YES;
				CLANG_WARN_NON_LITERAL_NULL_CONVERSION = YES;
				CLANG_WARN_OBJC_LITERAL_CONVERSION = YES;
				CLANG_WARN_OBJC_ROOT_CLASS = YES_ERROR;
				CLANG_WARN_RANGE_LOOP_ANALYSIS = YES;
				CLANG_WARN_STRICT_PROTOTYPES = YES;
				CLANG_WARN_SUSPICIOUS_MOVE = YES;
				CLANG_WARN_UNGUARDED_AVAILABILITY = YES_AGGRESSIVE;
				CLANG_WARN_UNREACHABLE_CODE = YES;
				CLANG_WARN__DUPLICATE_METHOD_MATCH = YES;
				CODE_SIGN_IDENTITY = "iPhone Developer";
				COPY_PHASE_STRIP = NO;
				DEBUG_INFORMATION_FORMAT = dwarf;
				ENABLE_STRICT_OBJC_MSGSEND = YES;
				ENABLE_TESTABILITY = YES;
				GCC_C_LANGUAGE_STANDARD = gnu11;
				GCC_DYNAMIC_NO_PIC = NO;
				GCC_NO_COMMON_BLOCKS = YES;
				GCC_OPTIMIZATION_LEVEL = 0;
				GCC_PREPROCESSOR_DEFINITIONS = (
					"DEBUG=1",
					"$(inherited)",
				);
				GCC_WARN_64_TO_32_BIT_CONVERSION = YES;
				GCC_WARN_ABOUT_RETURN_TYPE = YES_ERROR;
				GCC_WARN_UNDECLARED_SELECTOR = YES;
				GCC_WARN_UNINITIALIZED_AUTOS = YES_AGGRESSIVE;
				GCC_WARN_UNUSED_FUNCTION = YES;
				GCC_WARN_UNUSED_VARIABLE = YES;
				IPHONEOS_DEPLOYMENT_TARGET = 11.2;
				MTL_ENABLE_DEBUG_INFO = YES;
				ONLY_ACTIVE_ARCH = YES;
				SDKROOT = iphoneos;
				SWIFT_ACTIVE_COMPILATION_CONDITIONS = DEBUG;
				SWIFT_OPTIMIZATION_LEVEL = "-Onone";
			};
			name = Debug;
		};
		52DEDAC12138429F000BC893 /* Release */ = {
			isa = XCBuildConfiguration;
			buildSettings = {
				ALWAYS_SEARCH_USER_PATHS = NO;
				CLANG_ANALYZER_NONNULL = YES;
				CLANG_ANALYZER_NUMBER_OBJECT_CONVERSION = YES_AGGRESSIVE;
				CLANG_CXX_LANGUAGE_STANDARD = "gnu++14";
				CLANG_CXX_LIBRARY = "libc++";
				CLANG_ENABLE_MODULES = YES;
				CLANG_ENABLE_OBJC_ARC = YES;
				CLANG_WARN_BLOCK_CAPTURE_AUTORELEASING = YES;
				CLANG_WARN_BOOL_CONVERSION = YES;
				CLANG_WARN_COMMA = YES;
				CLANG_WARN_CONSTANT_CONVERSION = YES;
				CLANG_WARN_DIRECT_OBJC_ISA_USAGE = YES_ERROR;
				CLANG_WARN_DOCUMENTATION_COMMENTS = YES;
				CLANG_WARN_EMPTY_BODY = YES;
				CLANG_WARN_ENUM_CONVERSION = YES;
				CLANG_WARN_INFINITE_RECURSION = YES;
				CLANG_WARN_INT_CONVERSION = YES;
				CLANG_WARN_NON_LITERAL_NULL_CONVERSION = YES;
				CLANG_WARN_OBJC_LITERAL_CONVERSION = YES;
				CLANG_WARN_OBJC_ROOT_CLASS = YES_ERROR;
				CLANG_WARN_RANGE_LOOP_ANALYSIS = YES;
				CLANG_WARN_STRICT_PROTOTYPES = YES;
				CLANG_WARN_SUSPICIOUS_MOVE = YES;
				CLANG_WARN_UNGUARDED_AVAILABILITY = YES_AGGRESSIVE;
				CLANG_WARN_UNREACHABLE_CODE = YES;
				CLANG_WARN__DUPLICATE_METHOD_MATCH = YES;
				CODE_SIGN_IDENTITY = "iPhone Developer";
				COPY_PHASE_STRIP = NO;
				DEBUG_INFORMATION_FORMAT = "dwarf-with-dsym";
				ENABLE_NS_ASSERTIONS = NO;
				ENABLE_STRICT_OBJC_MSGSEND = YES;
				GCC_C_LANGUAGE_STANDARD = gnu11;
				GCC_NO_COMMON_BLOCKS = YES;
				GCC_WARN_64_TO_32_BIT_CONVERSION = YES;
				GCC_WARN_ABOUT_RETURN_TYPE = YES_ERROR;
				GCC_WARN_UNDECLARED_SELECTOR = YES;
				GCC_WARN_UNINITIALIZED_AUTOS = YES_AGGRESSIVE;
				GCC_WARN_UNUSED_FUNCTION = YES;
				GCC_WARN_UNUSED_VARIABLE = YES;
				IPHONEOS_DEPLOYMENT_TARGET = 11.2;
				MTL_ENABLE_DEBUG_INFO = NO;
				SDKROOT = iphoneos;
				SWIFT_OPTIMIZATION_LEVEL = "-Owholemodule";
				VALIDATE_PRODUCT = YES;
			};
			name = Release;
		};
		52DEDAC32138429F000BC893 /* Debug */ = {
			isa = XCBuildConfiguration;
			baseConfigurationReference = 998ECD3B97759D53B794F34B /* Pods-DemoPopup.debug.xcconfig */;
			buildSettings = {
				ASSETCATALOG_COMPILER_APPICON_NAME = AppIcon;
				CODE_SIGN_STYLE = Automatic;
				DEVELOPMENT_TEAM = TZKW84UKDS;
				INFOPLIST_FILE = DemoPopup/Info.plist;
				LD_RUNPATH_SEARCH_PATHS = "$(inherited) @executable_path/Frameworks";
				PRODUCT_BUNDLE_IDENTIFIER = com.example.DemoPopup;
				PRODUCT_NAME = "$(TARGET_NAME)";
				SWIFT_VERSION = 4.0;
				TARGETED_DEVICE_FAMILY = "1,2";
			};
			name = Debug;
		};
		52DEDAC42138429F000BC893 /* Release */ = {
			isa = XCBuildConfiguration;
			baseConfigurationReference = 26406D35D407A86043FCC617 /* Pods-DemoPopup.release.xcconfig */;
			buildSettings = {
				ASSETCATALOG_COMPILER_APPICON_NAME = AppIcon;
				CODE_SIGN_STYLE = Automatic;
				DEVELOPMENT_TEAM = TZKW84UKDS;
				INFOPLIST_FILE = DemoPopup/Info.plist;
				LD_RUNPATH_SEARCH_PATHS = "$(inherited) @executable_path/Frameworks";
				PRODUCT_BUNDLE_IDENTIFIER = com.example.DemoPopup;
				PRODUCT_NAME = "$(TARGET_NAME)";
				SWIFT_VERSION = 4.0;
				TARGETED_DEVICE_FAMILY = "1,2";
			};
			name = Release;
		};
/* End XCBuildConfiguration section */

/* Begin XCConfigurationList section */
		52DEDAAB2138429E000BC893 /* Build configuration list for PBXProject "DemoPopup" */ = {
			isa = XCConfigurationList;
			buildConfigurations = (
				52DEDAC02138429F000BC893 /* Debug */,
				52DEDAC12138429F000BC893 /* Release */,
			);
			defaultConfigurationIsVisible = 0;
			defaultConfigurationName = Release;
		};
		52DEDAC22138429F000BC893 /* Build configuration list for PBXNativeTarget "DemoPopup" */ = {
			isa = XCConfigurationList;
			buildConfigurations = (
				52DEDAC32138429F000BC893 /* Debug */,
				52DEDAC42138429F000BC893 /* Release */,
			);
			defaultConfigurationIsVisible = 0;
			defaultConfigurationName = Release;
		};
/* End XCConfigurationList section */
	};
	rootObject = 52DEDAA82138429E000BC893 /* Project object */;
}
