// !$*UTF8*$!
{
	archiveVersion = 1;
	classes = {
	};
	objectVersion = 48;
	objects = {

/* Begin PBXBuildFile section */
		523D75AC212B122700CFDC61 /* MemoryViewController.swift in Sources */ = {isa = PBXBuildFile; fileRef = 523D75AB212B122700CFDC61 /* MemoryViewController.swift */; };
		523D75AE212B124700CFDC61 /* LibraryViewModal.swift in Sources */ = {isa = PBXBuildFile; fileRef = 523D75AD212B124700CFDC61 /* LibraryViewModal.swift */; };
		523D75B0212B125A00CFDC61 /* MemoryViewModal.swift in Sources */ = {isa = PBXBuildFile; fileRef = 523D75AF212B125A00CFDC61 /* MemoryViewModal.swift */; };
		523D75B2212B1FD900CFDC61 /* MainViewController.swift in Sources */ = {isa = PBXBuildFile; fileRef = 523D75B1212B1FD900CFDC61 /* MainViewController.swift */; };
		52486EF4212F06F900E26CED /* Project.swift in Sources */ = {isa = PBXBuildFile; fileRef = 52486EF3212F06F900E26CED /* Project.swift */; };
		5291D114213069560066619E /* SampleBaseAlert.swift in Sources */ = {isa = PBXBuildFile; fileRef = 5291D113213069560066619E /* SampleBaseAlert.swift */; };
		529368852129196A00F3839C /* AppDelegate.swift in Sources */ = {isa = PBXBuildFile; fileRef = 529368842129196A00F3839C /* AppDelegate.swift */; };
		529368872129196A00F3839C /* ViewController.swift in Sources */ = {isa = PBXBuildFile; fileRef = 529368862129196A00F3839C /* ViewController.swift */; };
		5293688A2129196A00F3839C /* Main.storyboard in Resources */ = {isa = PBXBuildFile; fileRef = 529368882129196A00F3839C /* Main.storyboard */; };
		5293688C2129196A00F3839C /* Assets.xcassets in Resources */ = {isa = PBXBuildFile; fileRef = 5293688B2129196A00F3839C /* Assets.xcassets */; };
		5293688F2129196A00F3839C /* LaunchScreen.storyboard in Resources */ = {isa = PBXBuildFile; fileRef = 5293688D2129196A00F3839C /* LaunchScreen.storyboard */; };
		529368972129273600F3839C /* CitiesViewModel.swift in Sources */ = {isa = PBXBuildFile; fileRef = 529368962129273600F3839C /* CitiesViewModel.swift */; };
		61719794FA9331DAFAA33E55 /* libPods-PracticeApp.a in Frameworks */ = {isa = PBXBuildFile; fileRef = 7EBD64A6FDD49352FAF68F29 /* libPods-PracticeApp.a */; };
/* End PBXBuildFile section */

/* Begin PBXFileReference section */
		03DB4D58383E32517E9B29C6 /* Pods-PracticeApp.release.xcconfig */ = {isa = PBXFileReference; includeInIndex = 1; lastKnownFileType = text.xcconfig; name = "Pods-PracticeApp.release.xcconfig"; path = "Pods/Target Support Files/Pods-PracticeApp/Pods-PracticeApp.release.xcconfig"; sourceTree = "<group>"; };
		523D75AB212B122700CFDC61 /* MemoryViewController.swift */ = {isa = PBXFileReference; lastKnownFileType = sourcecode.swift; path = MemoryViewController.swift; sourceTree = "<group>"; };
		523D75AD212B124700CFDC61 /* LibraryViewModal.swift */ = {isa = PBXFileReference; lastKnownFileType = sourcecode.swift; path = LibraryViewModal.swift; sourceTree = "<group>"; };
		523D75AF212B125A00CFDC61 /* MemoryViewModal.swift */ = {isa = PBXFileReference; lastKnownFileType = sourcecode.swift; path = MemoryViewModal.swift; sourceTree = "<group>"; };
		523D75B1212B1FD900CFDC61 /* MainViewController.swift */ = {isa = PBXFileReference; lastKnownFileType = sourcecode.swift; path = MainViewController.swift; sourceTree = "<group>"; };
		52486EF3212F06F900E26CED /* Project.swift */ = {isa = PBXFileReference; lastKnownFileType = sourcecode.swift; path = Project.swift; sourceTree = "<group>"; };
		5291D113213069560066619E /* SampleBaseAlert.swift */ = {isa = PBXFileReference; lastKnownFileType = sourcecode.swift; path = SampleBaseAlert.swift; sourceTree = "<group>"; };
		529368812129196A00F3839C /* PracticeApp.app */ = {isa = PBXFileReference; explicitFileType = wrapper.application; includeInIndex = 0; path = PracticeApp.app; sourceTree = BUILT_PRODUCTS_DIR; };
		529368842129196A00F3839C /* AppDelegate.swift */ = {isa = PBXFileReference; lastKnownFileType = sourcecode.swift; path = AppDelegate.swift; sourceTree = "<group>"; };
		529368862129196A00F3839C /* ViewController.swift */ = {isa = PBXFileReference; lastKnownFileType = sourcecode.swift; path = ViewController.swift; sourceTree = "<group>"; };
		529368892129196A00F3839C /* Base */ = {isa = PBXFileReference; lastKnownFileType = file.storyboard; name = Base; path = Base.lproj/Main.storyboard; sourceTree = "<group>"; };
		5293688B2129196A00F3839C /* Assets.xcassets */ = {isa = PBXFileReference; lastKnownFileType = folder.assetcatalog; path = Assets.xcassets; sourceTree = "<group>"; };
		5293688E2129196A00F3839C /* Base */ = {isa = PBXFileReference; lastKnownFileType = file.storyboard; name = Base; path = Base.lproj/LaunchScreen.storyboard; sourceTree = "<group>"; };
		529368902129196A00F3839C /* Info.plist */ = {isa = PBXFileReference; lastKnownFileType = text.plist.xml; path = Info.plist; sourceTree = "<group>"; };
		529368962129273600F3839C /* CitiesViewModel.swift */ = {isa = PBXFileReference; lastKnownFileType = sourcecode.swift; path = CitiesViewModel.swift; sourceTree = "<group>"; };
		7EBD64A6FDD49352FAF68F29 /* libPods-PracticeApp.a */ = {isa = PBXFileReference; explicitFileType = archive.ar; includeInIndex = 0; path = "libPods-PracticeApp.a"; sourceTree = BUILT_PRODUCTS_DIR; };
		A81534E51B824E54922558B2 /* Pods-PracticeApp.debug.xcconfig */ = {isa = PBXFileReference; includeInIndex = 1; lastKnownFileType = text.xcconfig; name = "Pods-PracticeApp.debug.xcconfig"; path = "Pods/Target Support Files/Pods-PracticeApp/Pods-PracticeApp.debug.xcconfig"; sourceTree = "<group>"; };
/* End PBXFileReference section */

/* Begin PBXFrameworksBuildPhase section */
		5293687E2129196A00F3839C /* Frameworks */ = {
			isa = PBXFrameworksBuildPhase;
			buildActionMask = 2147483647;
			files = (
				61719794FA9331DAFAA33E55 /* libPods-PracticeApp.a in Frameworks */,
			);
			runOnlyForDeploymentPostprocessing = 0;
		};
/* End PBXFrameworksBuildPhase section */

/* Begin PBXGroup section */
		38A8E7B165F6F09CFCFB2722 /* Pods */ = {
			isa = PBXGroup;
			children = (
				A81534E51B824E54922558B2 /* Pods-PracticeApp.debug.xcconfig */,
				03DB4D58383E32517E9B29C6 /* Pods-PracticeApp.release.xcconfig */,
			);
			name = Pods;
			sourceTree = "<group>";
		};
		523D75A7212B110000CFDC61 /* ViewModal */ = {
			isa = PBXGroup;
			children = (
				529368962129273600F3839C /* CitiesViewModel.swift */,
				523D75AD212B124700CFDC61 /* LibraryViewModal.swift */,
				523D75AF212B125A00CFDC61 /* MemoryViewModal.swift */,
			);
			path = ViewModal;
			sourceTree = "<group>";
		};
		523D75A8212B111A00CFDC61 /* ViewController */ = {
			isa = PBXGroup;
			children = (
				529368862129196A00F3839C /* ViewController.swift */,
				523D75AB212B122700CFDC61 /* MemoryViewController.swift */,
				523D75B1212B1FD900CFDC61 /* MainViewController.swift */,
			);
			path = ViewController;
			sourceTree = "<group>";
		};
		52486EF2212F06DC00E26CED /* Model */ = {
			isa = PBXGroup;
			children = (
				52486EF3212F06F900E26CED /* Project.swift */,
			);
			path = Model;
			sourceTree = "<group>";
		};
		5291D112213069410066619E /* Base */ = {
			isa = PBXGroup;
			children = (
				5291D113213069560066619E /* SampleBaseAlert.swift */,
			);
			path = Base;
			sourceTree = "<group>";
		};
		529368782129196A00F3839C = {
			isa = PBXGroup;
			children = (
				529368832129196A00F3839C /* PracticeApp */,
				529368822129196A00F3839C /* Products */,
				38A8E7B165F6F09CFCFB2722 /* Pods */,
				C831CA4A25E16E4FD75B6CA9 /* Frameworks */,
			);
			sourceTree = "<group>";
		};
		529368822129196A00F3839C /* Products */ = {
			isa = PBXGroup;
			children = (
				529368812129196A00F3839C /* PracticeApp.app */,
			);
			name = Products;
			sourceTree = "<group>";
		};
		529368832129196A00F3839C /* PracticeApp */ = {
			isa = PBXGroup;
			children = (
				5291D112213069410066619E /* Base */,
				52486EF2212F06DC00E26CED /* Model */,
				523D75A8212B111A00CFDC61 /* ViewController */,
				523D75A7212B110000CFDC61 /* ViewModal */,
				529368842129196A00F3839C /* AppDelegate.swift */,
				529368882129196A00F3839C /* Main.storyboard */,
				5293688B2129196A00F3839C /* Assets.xcassets */,
				5293688D2129196A00F3839C /* LaunchScreen.storyboard */,
				529368902129196A00F3839C /* Info.plist */,
			);
			path = PracticeApp;
			sourceTree = "<group>";
		};
		C831CA4A25E16E4FD75B6CA9 /* Frameworks */ = {
			isa = PBXGroup;
			children = (
				7EBD64A6FDD49352FAF68F29 /* libPods-PracticeApp.a */,
			);
			name = Frameworks;
			sourceTree = "<group>";
		};
/* End PBXGroup section */

/* Begin PBXNativeTarget section */
		529368802129196A00F3839C /* PracticeApp */ = {
			isa = PBXNativeTarget;
			buildConfigurationList = 529368932129196A00F3839C /* Build configuration list for PBXNativeTarget "PracticeApp" */;
			buildPhases = (
				4DD5C2906AD9067CC952160C /* [CP] Check Pods Manifest.lock */,
				5293687D2129196A00F3839C /* Sources */,
				5293687E2129196A00F3839C /* Frameworks */,
				5293687F2129196A00F3839C /* Resources */,
			);
			buildRules = (
			);
			dependencies = (
			);
			name = PracticeApp;
			productName = PracticeApp;
			productReference = 529368812129196A00F3839C /* PracticeApp.app */;
			productType = "com.apple.product-type.application";
		};
/* End PBXNativeTarget section */

/* Begin PBXProject section */
		529368792129196A00F3839C /* Project object */ = {
			isa = PBXProject;
			attributes = {
				LastSwiftUpdateCheck = 0920;
				LastUpgradeCheck = 0920;
				ORGANIZATIONNAME = "Macbook Pro";
				TargetAttributes = {
					529368802129196A00F3839C = {
						CreatedOnToolsVersion = 9.2;
						ProvisioningStyle = Automatic;
					};
				};
			};
			buildConfigurationList = 5293687C2129196A00F3839C /* Build configuration list for PBXProject "PracticeApp" */;
			compatibilityVersion = "Xcode 8.0";
			developmentRegion = en;
			hasScannedForEncodings = 0;
			knownRegions = (
				en,
				Base,
			);
			mainGroup = 529368782129196A00F3839C;
			productRefGroup = 529368822129196A00F3839C /* Products */;
			projectDirPath = "";
			projectRoot = "";
			targets = (
				529368802129196A00F3839C /* PracticeApp */,
			);
		};
/* End PBXProject section */

/* Begin PBXResourcesBuildPhase section */
		5293687F2129196A00F3839C /* Resources */ = {
			isa = PBXResourcesBuildPhase;
			buildActionMask = 2147483647;
			files = (
				5293688F2129196A00F3839C /* LaunchScreen.storyboard in Resources */,
				5293688C2129196A00F3839C /* Assets.xcassets in Resources */,
				5293688A2129196A00F3839C /* Main.storyboard in Resources */,
			);
			runOnlyForDeploymentPostprocessing = 0;
		};
/* End PBXResourcesBuildPhase section */

/* Begin PBXShellScriptBuildPhase section */
		4DD5C2906AD9067CC952160C /* [CP] Check Pods Manifest.lock */ = {
			isa = PBXShellScriptBuildPhase;
			buildActionMask = 2147483647;
			files = (
			);
			inputPaths = (
				"${PODS_PODFILE_DIR_PATH}/Podfile.lock",
				"${PODS_ROOT}/Manifest.lock",
			);
			name = "[CP] Check Pods Manifest.lock";
			outputPaths = (
				"$(DERIVED_FILE_DIR)/Pods-PracticeApp-checkManifestLockResult.txt",
			);
			runOnlyForDeploymentPostprocessing = 0;
			shellPath = /bin/sh;
			shellScript = "diff \"${PODS_PODFILE_DIR_PATH}/Podfile.lock\" \"${PODS_ROOT}/Manifest.lock\" > /dev/null\nif [ $? != 0 ] ; then\n    # print error to STDERR\n    echo \"error: The sandbox is not in sync with the Podfile.lock. Run 'pod install' or update your CocoaPods installation.\" >&2\n    exit 1\nfi\n# This output is used by Xcode 'outputs' to avoid re-running this script phase.\necho \"SUCCESS\" > \"${SCRIPT_OUTPUT_FILE_0}\"\n";
			showEnvVarsInLog = 0;
		};
/* End PBXShellScriptBuildPhase section */

/* Begin PBXSourcesBuildPhase section */
		5293687D2129196A00F3839C /* Sources */ = {
			isa = PBXSourcesBuildPhase;
			buildActionMask = 2147483647;
			files = (
				523D75B2212B1FD900CFDC61 /* MainViewController.swift in Sources */,
				529368872129196A00F3839C /* ViewController.swift in Sources */,
				523D75AE212B124700CFDC61 /* LibraryViewModal.swift in Sources */,
				529368972129273600F3839C /* CitiesViewModel.swift in Sources */,
				523D75B0212B125A00CFDC61 /* MemoryViewModal.swift in Sources */,
				529368852129196A00F3839C /* AppDelegate.swift in Sources */,
				5291D114213069560066619E /* SampleBaseAlert.swift in Sources */,
				523D75AC212B122700CFDC61 /* MemoryViewController.swift in Sources */,
				52486EF4212F06F900E26CED /* Project.swift in Sources */,
			);
			runOnlyForDeploymentPostprocessing = 0;
		};
/* End PBXSourcesBuildPhase section */

/* Begin PBXVariantGroup section */
		529368882129196A00F3839C /* Main.storyboard */ = {
			isa = PBXVariantGroup;
			children = (
				529368892129196A00F3839C /* Base */,
			);
			name = Main.storyboard;
			sourceTree = "<group>";
		};
		5293688D2129196A00F3839C /* LaunchScreen.storyboard */ = {
			isa = PBXVariantGroup;
			children = (
				5293688E2129196A00F3839C /* Base */,
			);
			name = LaunchScreen.storyboard;
			sourceTree = "<group>";
		};
/* End PBXVariantGroup section */

/* Begin XCBuildConfiguration section */
		529368912129196A00F3839C /* Debug */ = {
			isa = XCBuildConfiguration;
			buildSettings = {
				ALWAYS_SEARCH_USER_PATHS = NO;
				CLANG_ANALYZER_NONNULL = YES;
				CLANG_ANALYZER_NUMBER_OBJECT_CONVERSION = YES_AGGRESSIVE;
				CLANG_CXX_LANGUAGE_STANDARD = "gnu++14";
				CLANG_CXX_LIBRARY = "libc++";
				CLANG_ENABLE_MODULES = YES;
				CLANG_ENABLE_OBJC_ARC = YES;
				CLANG_WARN_BLOCK_CAPTURE_AUTORELEASING = YES;
				CLANG_WARN_BOOL_CONVERSION = YES;
				CLANG_WARN_COMMA = YES;
				CLANG_WARN_CONSTANT_CONVERSION = YES;
				CLANG_WARN_DIRECT_OBJC_ISA_USAGE = YES_ERROR;
				CLANG_WARN_DOCUMENTATION_COMMENTS = YES;
				CLANG_WARN_EMPTY_BODY = YES;
				CLANG_WARN_ENUM_CONVERSION = YES;
				CLANG_WARN_INFINITE_RECURSION = YES;
				CLANG_WARN_INT_CONVERSION = YES;
				CLANG_WARN_NON_LITERAL_NULL_CONVERSION = YES;
				CLANG_WARN_OBJC_LITERAL_CONVERSION = YES;
				CLANG_WARN_OBJC_ROOT_CLASS = YES_ERROR;
				CLANG_WARN_RANGE_LOOP_ANALYSIS = YES;
				CLANG_WARN_STRICT_PROTOTYPES = YES;
				CLANG_WARN_SUSPICIOUS_MOVE = YES;
				CLANG_WARN_UNGUARDED_AVAILABILITY = YES_AGGRESSIVE;
				CLANG_WARN_UNREACHABLE_CODE = YES;
				CLANG_WARN__DUPLICATE_METHOD_MATCH = YES;
				CODE_SIGN_IDENTITY = "iPhone Developer";
				COPY_PHASE_STRIP = NO;
				DEBUG_INFORMATION_FORMAT = dwarf;
				ENABLE_STRICT_OBJC_MSGSEND = YES;
				ENABLE_TESTABILITY = YES;
				GCC_C_LANGUAGE_STANDARD = gnu11;
				GCC_DYNAMIC_NO_PIC = NO;
				GCC_NO_COMMON_BLOCKS = YES;
				GCC_OPTIMIZATION_LEVEL = 0;
				GCC_PREPROCESSOR_DEFINITIONS = (
					"DEBUG=1",
					"$(inherited)",
				);
				GCC_WARN_64_TO_32_BIT_CONVERSION = YES;
				GCC_WARN_ABOUT_RETURN_TYPE = YES_ERROR;
				GCC_WARN_UNDECLARED_SELECTOR = YES;
				GCC_WARN_UNINITIALIZED_AUTOS = YES_AGGRESSIVE;
				GCC_WARN_UNUSED_FUNCTION = YES;
				GCC_WARN_UNUSED_VARIABLE = YES;
				IPHONEOS_DEPLOYMENT_TARGET = 11.2;
				MTL_ENABLE_DEBUG_INFO = YES;
				ONLY_ACTIVE_ARCH = YES;
				SDKROOT = iphoneos;
				SWIFT_ACTIVE_COMPILATION_CONDITIONS = DEBUG;
				SWIFT_OPTIMIZATION_LEVEL = "-Onone";
			};
			name = Debug;
		};
		529368922129196A00F3839C /* Release */ = {
			isa = XCBuildConfiguration;
			buildSettings = {
				ALWAYS_SEARCH_USER_PATHS = NO;
				CLANG_ANALYZER_NONNULL = YES;
				CLANG_ANALYZER_NUMBER_OBJECT_CONVERSION = YES_AGGRESSIVE;
				CLANG_CXX_LANGUAGE_STANDARD = "gnu++14";
				CLANG_CXX_LIBRARY = "libc++";
				CLANG_ENABLE_MODULES = YES;
				CLANG_ENABLE_OBJC_ARC = YES;
				CLANG_WARN_BLOCK_CAPTURE_AUTORELEASING = YES;
				CLANG_WARN_BOOL_CONVERSION = YES;
				CLANG_WARN_COMMA = YES;
				CLANG_WARN_CONSTANT_CONVERSION = YES;
				CLANG_WARN_DIRECT_OBJC_ISA_USAGE = YES_ERROR;
				CLANG_WARN_DOCUMENTATION_COMMENTS = YES;
				CLANG_WARN_EMPTY_BODY = YES;
				CLANG_WARN_ENUM_CONVERSION = YES;
				CLANG_WARN_INFINITE_RECURSION = YES;
				CLANG_WARN_INT_CONVERSION = YES;
				CLANG_WARN_NON_LITERAL_NULL_CONVERSION = YES;
				CLANG_WARN_OBJC_LITERAL_CONVERSION = YES;
				CLANG_WARN_OBJC_ROOT_CLASS = YES_ERROR;
				CLANG_WARN_RANGE_LOOP_ANALYSIS = YES;
				CLANG_WARN_STRICT_PROTOTYPES = YES;
				CLANG_WARN_SUSPICIOUS_MOVE = YES;
				CLANG_WARN_UNGUARDED_AVAILABILITY = YES_AGGRESSIVE;
				CLANG_WARN_UNREACHABLE_CODE = YES;
				CLANG_WARN__DUPLICATE_METHOD_MATCH = YES;
				CODE_SIGN_IDENTITY = "iPhone Developer";
				COPY_PHASE_STRIP = NO;
				DEBUG_INFORMATION_FORMAT = "dwarf-with-dsym";
				ENABLE_NS_ASSERTIONS = NO;
				ENABLE_STRICT_OBJC_MSGSEND = YES;
				GCC_C_LANGUAGE_STANDARD = gnu11;
				GCC_NO_COMMON_BLOCKS = YES;
				GCC_WARN_64_TO_32_BIT_CONVERSION = YES;
				GCC_WARN_ABOUT_RETURN_TYPE = YES_ERROR;
				GCC_WARN_UNDECLARED_SELECTOR = YES;
				GCC_WARN_UNINITIALIZED_AUTOS = YES_AGGRESSIVE;
				GCC_WARN_UNUSED_FUNCTION = YES;
				GCC_WARN_UNUSED_VARIABLE = YES;
				IPHONEOS_DEPLOYMENT_TARGET = 11.2;
				MTL_ENABLE_DEBUG_INFO = NO;
				SDKROOT = iphoneos;
				SWIFT_OPTIMIZATION_LEVEL = "-Owholemodule";
				VALIDATE_PRODUCT = YES;
			};
			name = Release;
		};
		529368942129196A00F3839C /* Debug */ = {
			isa = XCBuildConfiguration;
			baseConfigurationReference = A81534E51B824E54922558B2 /* Pods-PracticeApp.debug.xcconfig */;
			buildSettings = {
				ASSETCATALOG_COMPILER_APPICON_NAME = AppIcon;
				CODE_SIGN_STYLE = Automatic;
				DEVELOPMENT_TEAM = TZKW84UKDS;
				INFOPLIST_FILE = PracticeApp/Info.plist;
				LD_RUNPATH_SEARCH_PATHS = "$(inherited) @executable_path/Frameworks";
				PRODUCT_BUNDLE_IDENTIFIER = com.example.PracticeApp;
				PRODUCT_NAME = "$(TARGET_NAME)";
				SWIFT_VERSION = 4.0;
				TARGETED_DEVICE_FAMILY = "1,2";
			};
			name = Debug;
		};
		529368952129196A00F3839C /* Release */ = {
			isa = XCBuildConfiguration;
			baseConfigurationReference = 03DB4D58383E32517E9B29C6 /* Pods-PracticeApp.release.xcconfig */;
			buildSettings = {
				ASSETCATALOG_COMPILER_APPICON_NAME = AppIcon;
				CODE_SIGN_STYLE = Automatic;
				DEVELOPMENT_TEAM = TZKW84UKDS;
				INFOPLIST_FILE = PracticeApp/Info.plist;
				LD_RUNPATH_SEARCH_PATHS = "$(inherited) @executable_path/Frameworks";
				PRODUCT_BUNDLE_IDENTIFIER = com.example.PracticeApp;
				PRODUCT_NAME = "$(TARGET_NAME)";
				SWIFT_VERSION = 4.0;
				TARGETED_DEVICE_FAMILY = "1,2";
			};
			name = Release;
		};
/* End XCBuildConfiguration section */

/* Begin XCConfigurationList section */
		5293687C2129196A00F3839C /* Build configuration list for PBXProject "PracticeApp" */ = {
			isa = XCConfigurationList;
			buildConfigurations = (
				529368912129196A00F3839C /* Debug */,
				529368922129196A00F3839C /* Release */,
			);
			defaultConfigurationIsVisible = 0;
			defaultConfigurationName = Release;
		};
		529368932129196A00F3839C /* Build configuration list for PBXNativeTarget "PracticeApp" */ = {
			isa = XCConfigurationList;
			buildConfigurations = (
				529368942129196A00F3839C /* Debug */,
				529368952129196A00F3839C /* Release */,
			);
			defaultConfigurationIsVisible = 0;
			defaultConfigurationName = Release;
		};
/* End XCConfigurationList section */
	};
	rootObject = 529368792129196A00F3839C /* Project object */;
}
